
Microsoft Visual Studio Solution File, Format Version 12.00
# Visual Studio Version 17
VisualStudioVersion = 17.5.33530.505
MinimumVisualStudioVersion = 10.0.40219.1
Project("{FAE04EC0-301F-11D3-BF4B-00C04F79EFBC}") = "BlazorApp2", "BlazorApp2\BlazorApp2.csproj", "{C7248263-FC55-4B59-B58F-97A4C21219A6}"
EndProject
Global
	GlobalSection(SolutionConfigurationPlatforms) = preSolution
		Debug|Any CPU = Debug|Any CPU
		Release|Any CPU = Release|Any CPU
	EndGlobalSection
	GlobalSection(ProjectConfigurationPlatforms) = postSolution
		{C7248263-FC55-4B59-B58F-97A4C21219A6}.Debug|Any CPU.ActiveCfg = Debug|Any CPU
		{C7248263-FC55-4B59-B58F-97A4C21219A6}.Debug|Any CPU.Build.0 = Debug|Any CPU
		{C7248263-FC55-4B59-B58F-97A4C21219A6}.Release|Any CPU.ActiveCfg = Release|Any CPU
		{C7248263-FC55-4B59-B58F-97A4C21219A6}.Release|Any CPU.Build.0 = Release|Any CPU
	EndGlobalSection
	GlobalSection(SolutionProperties) = preSolution
		HideSolutionNode = FALSE
	EndGlobalSection
	GlobalSection(ExtensibilityGlobals) = postSolution
		SolutionGuid = {258D1DA1-C0E9-4BC8-94FC-D07A0E618549}
	EndGlobalSection
EndGlobal
